
Microsoft Visual Studio Solution File, Format Version 12.00
# Visual Studio 14
VisualStudioVersion = 14.0.24720.0
MinimumVisualStudioVersion = 10.0.40219.1
Project("{8BC9CEB8-8B4A-11D0-8D11-00A0C91BC942}") = "예제_11.1.1", "예제_11.1.1\예제_11.1.1.vcxproj", "{AF57FB95-C89D-44B1-9BC4-93C7774E11B4}"
EndProject
Project("{8BC9CEB8-8B4A-11D0-8D11-00A0C91BC942}") = "예제_11.1.2", "예제_11.1.2\예제_11.1.2.vcxproj", "{AA1D8D85-D2B8-4AB0-9F7F-363C17E0F810}"
EndProject
Project("{8BC9CEB8-8B4A-11D0-8D11-00A0C91BC942}") = "예제_11.1.3", "예제_11.1.3\예제_11.1.3.vcxproj", "{FB433391-EA55-464B-AFEB-3A33A5159A19}"
EndProject
Project("{8BC9CEB8-8B4A-11D0-8D11-00A0C91BC942}") = "예제_11.1.4", "예제_11.1.4\예제_11.1.4.vcxproj", "{C6B1D00C-F22B-4558-9AE5-751A0F46BE1C}"
EndProject
Global
	GlobalSection(SolutionConfigurationPlatforms) = preSolution
		Debug|Win32 = Debug|Win32
		Debug|x64 = Debug|x64
		Release|Win32 = Release|Win32
		Release|x64 = Release|x64
	EndGlobalSection
	GlobalSection(ProjectConfigurationPlatforms) = postSolution
		{AF57FB95-C89D-44B1-9BC4-93C7774E11B4}.Debug|Win32.ActiveCfg = Debug|Win32
		{AF57FB95-C89D-44B1-9BC4-93C7774E11B4}.Debug|Win32.Build.0 = Debug|Win32
		{AF57FB95-C89D-44B1-9BC4-93C7774E11B4}.Debug|x64.ActiveCfg = Debug|x64
		{AF57FB95-C89D-44B1-9BC4-93C7774E11B4}.Debug|x64.Build.0 = Debug|x64
		{AF57FB95-C89D-44B1-9BC4-93C7774E11B4}.Release|Win32.ActiveCfg = Release|Win32
		{AF57FB95-C89D-44B1-9BC4-93C7774E11B4}.Release|Win32.Build.0 = Release|Win32
		{AF57FB95-C89D-44B1-9BC4-93C7774E11B4}.Release|x64.ActiveCfg = Release|x64
		{AF57FB95-C89D-44B1-9BC4-93C7774E11B4}.Release|x64.Build.0 = Release|x64
		{AA1D8D85-D2B8-4AB0-9F7F-363C17E0F810}.Debug|Win32.ActiveCfg = Debug|Win32
		{AA1D8D85-D2B8-4AB0-9F7F-363C17E0F810}.Debug|Win32.Build.0 = Debug|Win32
		{AA1D8D85-D2B8-4AB0-9F7F-363C17E0F810}.Debug|x64.ActiveCfg = Debug|x64
		{AA1D8D85-D2B8-4AB0-9F7F-363C17E0F810}.Debug|x64.Build.0 = Debug|x64
		{AA1D8D85-D2B8-4AB0-9F7F-363C17E0F810}.Release|Win32.ActiveCfg = Release|Win32
		{AA1D8D85-D2B8-4AB0-9F7F-363C17E0F810}.Release|Win32.Build.0 = Release|Win32
		{AA1D8D85-D2B8-4AB0-9F7F-363C17E0F810}.Release|x64.ActiveCfg = Release|x64
		{AA1D8D85-D2B8-4AB0-9F7F-363C17E0F810}.Release|x64.Build.0 = Release|x64
		{FB433391-EA55-464B-AFEB-3A33A5159A19}.Debug|Win32.ActiveCfg = Debug|Win32
		{FB433391-EA55-464B-AFEB-3A33A5159A19}.Debug|Win32.Build.0 = Debug|Win32
		{FB433391-EA55-464B-AFEB-3A33A5159A19}.Debug|x64.ActiveCfg = Debug|x64
		{FB433391-EA55-464B-AFEB-3A33A5159A19}.Debug|x64.Build.0 = Debug|x64
		{FB433391-EA55-464B-AFEB-3A33A5159A19}.Release|Win32.ActiveCfg = Release|Win32
		{FB433391-EA55-464B-AFEB-3A33A5159A19}.Release|Win32.Build.0 = Release|Win32
		{FB433391-EA55-464B-AFEB-3A33A5159A19}.Release|x64.ActiveCfg = Release|x64
		{FB433391-EA55-464B-AFEB-3A33A5159A19}.Release|x64.Build.0 = Release|x64
		{C6B1D00C-F22B-4558-9AE5-751A0F46BE1C}.Debug|Win32.ActiveCfg = Debug|Win32
		{C6B1D00C-F22B-4558-9AE5-751A0F46BE1C}.Debug|Win32.Build.0 = Debug|Win32
		{C6B1D00C-F22B-4558-9AE5-751A0F46BE1C}.Debug|x64.ActiveCfg = Debug|x64
		{C6B1D00C-F22B-4558-9AE5-751A0F46BE1C}.Debug|x64.Build.0 = Debug|x64
		{C6B1D00C-F22B-4558-9AE5-751A0F46BE1C}.Release|Win32.ActiveCfg = Release|Win32
		{C6B1D00C-F22B-4558-9AE5-751A0F46BE1C}.Release|Win32.Build.0 = Release|Win32
		{C6B1D00C-F22B-4558-9AE5-751A0F46BE1C}.Release|x64.ActiveCfg = Release|x64
		{C6B1D00C-F22B-4558-9AE5-751A0F46BE1C}.Release|x64.Build.0 = Release|x64
	EndGlobalSection
	GlobalSection(SolutionProperties) = preSolution
		HideSolutionNode = FALSE
	EndGlobalSection
EndGlobal
