
Microsoft Visual Studio Solution File, Format Version 12.00
# Visual Studio 14
VisualStudioVersion = 14.0.24720.0
MinimumVisualStudioVersion = 10.0.40219.1
Project("{8BC9CEB8-8B4A-11D0-8D11-00A0C91BC942}") = "예제_3.2.1", "예제_3.2.1\예제_3.2.1.vcxproj", "{AE708453-24E3-411F-9169-60308CFBFA4B}"
EndProject
Project("{8BC9CEB8-8B4A-11D0-8D11-00A0C91BC942}") = "예제_3.2.2", "예제_3.2.2\예제_3.2.2.vcxproj", "{EB965CC4-691D-4B82-B8C8-7D29E1BE38A4}"
EndProject
Project("{8BC9CEB8-8B4A-11D0-8D11-00A0C91BC942}") = "예제_3.2.3", "예제_3.2.3\예제_3.2.3.vcxproj", "{0716AE5C-5997-4EF4-8565-23A1D79DB693}"
EndProject
Project("{8BC9CEB8-8B4A-11D0-8D11-00A0C91BC942}") = "예제_3.2.4", "예제_3.2.4\예제_3.2.4.vcxproj", "{339CD68D-F6A0-4202-97D1-06CEE47198F1}"
EndProject
Project("{8BC9CEB8-8B4A-11D0-8D11-00A0C91BC942}") = "예제_3.2.5", "예제_3.2.5\예제_3.2.5.vcxproj", "{244EE4AA-398E-412C-86BF-92293F692B5A}"
EndProject
Project("{8BC9CEB8-8B4A-11D0-8D11-00A0C91BC942}") = "예제_3.2.6", "예제_3.2.6\예제_3.2.6.vcxproj", "{2BF75BF7-1389-4AE4-B700-C326740B5D9E}"
EndProject
Project("{8BC9CEB8-8B4A-11D0-8D11-00A0C91BC942}") = "예제_3.2.7", "예제_3.2.7\예제_3.2.7.vcxproj", "{AB67AAD0-AE89-45B6-8F8A-FD06BFD48E25}"
EndProject
Project("{8BC9CEB8-8B4A-11D0-8D11-00A0C91BC942}") = "예제_3.2.8", "예제_3.2.8\예제_3.2.8.vcxproj", "{4E2A3A32-E351-419B-97C6-D913F3CF0196}"
EndProject
Project("{8BC9CEB8-8B4A-11D0-8D11-00A0C91BC942}") = "예제_3.2.9", "예제_3.2.9\예제_3.2.9.vcxproj", "{B2FB1CB5-B809-4D96-98C7-067AC5329B0E}"
EndProject
Global
	GlobalSection(SolutionConfigurationPlatforms) = preSolution
		Debug|x64 = Debug|x64
		Debug|x86 = Debug|x86
		Release|x64 = Release|x64
		Release|x86 = Release|x86
	EndGlobalSection
	GlobalSection(ProjectConfigurationPlatforms) = postSolution
		{AE708453-24E3-411F-9169-60308CFBFA4B}.Debug|x64.ActiveCfg = Debug|x64
		{AE708453-24E3-411F-9169-60308CFBFA4B}.Debug|x64.Build.0 = Debug|x64
		{AE708453-24E3-411F-9169-60308CFBFA4B}.Debug|x86.ActiveCfg = Debug|Win32
		{AE708453-24E3-411F-9169-60308CFBFA4B}.Debug|x86.Build.0 = Debug|Win32
		{AE708453-24E3-411F-9169-60308CFBFA4B}.Release|x64.ActiveCfg = Release|x64
		{AE708453-24E3-411F-9169-60308CFBFA4B}.Release|x64.Build.0 = Release|x64
		{AE708453-24E3-411F-9169-60308CFBFA4B}.Release|x86.ActiveCfg = Release|Win32
		{AE708453-24E3-411F-9169-60308CFBFA4B}.Release|x86.Build.0 = Release|Win32
		{EB965CC4-691D-4B82-B8C8-7D29E1BE38A4}.Debug|x64.ActiveCfg = Debug|x64
		{EB965CC4-691D-4B82-B8C8-7D29E1BE38A4}.Debug|x64.Build.0 = Debug|x64
		{EB965CC4-691D-4B82-B8C8-7D29E1BE38A4}.Debug|x86.ActiveCfg = Debug|Win32
		{EB965CC4-691D-4B82-B8C8-7D29E1BE38A4}.Debug|x86.Build.0 = Debug|Win32
		{EB965CC4-691D-4B82-B8C8-7D29E1BE38A4}.Release|x64.ActiveCfg = Release|x64
		{EB965CC4-691D-4B82-B8C8-7D29E1BE38A4}.Release|x64.Build.0 = Release|x64
		{EB965CC4-691D-4B82-B8C8-7D29E1BE38A4}.Release|x86.ActiveCfg = Release|Win32
		{EB965CC4-691D-4B82-B8C8-7D29E1BE38A4}.Release|x86.Build.0 = Release|Win32
		{0716AE5C-5997-4EF4-8565-23A1D79DB693}.Debug|x64.ActiveCfg = Debug|x64
		{0716AE5C-5997-4EF4-8565-23A1D79DB693}.Debug|x64.Build.0 = Debug|x64
		{0716AE5C-5997-4EF4-8565-23A1D79DB693}.Debug|x86.ActiveCfg = Debug|Win32
		{0716AE5C-5997-4EF4-8565-23A1D79DB693}.Debug|x86.Build.0 = Debug|Win32
		{0716AE5C-5997-4EF4-8565-23A1D79DB693}.Release|x64.ActiveCfg = Release|x64
		{0716AE5C-5997-4EF4-8565-23A1D79DB693}.Release|x64.Build.0 = Release|x64
		{0716AE5C-5997-4EF4-8565-23A1D79DB693}.Release|x86.ActiveCfg = Release|Win32
		{0716AE5C-5997-4EF4-8565-23A1D79DB693}.Release|x86.Build.0 = Release|Win32
		{339CD68D-F6A0-4202-97D1-06CEE47198F1}.Debug|x64.ActiveCfg = Debug|x64
		{339CD68D-F6A0-4202-97D1-06CEE47198F1}.Debug|x64.Build.0 = Debug|x64
		{339CD68D-F6A0-4202-97D1-06CEE47198F1}.Debug|x86.ActiveCfg = Debug|Win32
		{339CD68D-F6A0-4202-97D1-06CEE47198F1}.Debug|x86.Build.0 = Debug|Win32
		{339CD68D-F6A0-4202-97D1-06CEE47198F1}.Release|x64.ActiveCfg = Release|x64
		{339CD68D-F6A0-4202-97D1-06CEE47198F1}.Release|x64.Build.0 = Release|x64
		{339CD68D-F6A0-4202-97D1-06CEE47198F1}.Release|x86.ActiveCfg = Release|Win32
		{339CD68D-F6A0-4202-97D1-06CEE47198F1}.Release|x86.Build.0 = Release|Win32
		{244EE4AA-398E-412C-86BF-92293F692B5A}.Debug|x64.ActiveCfg = Debug|x64
		{244EE4AA-398E-412C-86BF-92293F692B5A}.Debug|x64.Build.0 = Debug|x64
		{244EE4AA-398E-412C-86BF-92293F692B5A}.Debug|x86.ActiveCfg = Debug|Win32
		{244EE4AA-398E-412C-86BF-92293F692B5A}.Debug|x86.Build.0 = Debug|Win32
		{244EE4AA-398E-412C-86BF-92293F692B5A}.Release|x64.ActiveCfg = Release|x64
		{244EE4AA-398E-412C-86BF-92293F692B5A}.Release|x64.Build.0 = Release|x64
		{244EE4AA-398E-412C-86BF-92293F692B5A}.Release|x86.ActiveCfg = Release|Win32
		{244EE4AA-398E-412C-86BF-92293F692B5A}.Release|x86.Build.0 = Release|Win32
		{2BF75BF7-1389-4AE4-B700-C326740B5D9E}.Debug|x64.ActiveCfg = Debug|x64
		{2BF75BF7-1389-4AE4-B700-C326740B5D9E}.Debug|x64.Build.0 = Debug|x64
		{2BF75BF7-1389-4AE4-B700-C326740B5D9E}.Debug|x86.ActiveCfg = Debug|Win32
		{2BF75BF7-1389-4AE4-B700-C326740B5D9E}.Debug|x86.Build.0 = Debug|Win32
		{2BF75BF7-1389-4AE4-B700-C326740B5D9E}.Release|x64.ActiveCfg = Release|x64
		{2BF75BF7-1389-4AE4-B700-C326740B5D9E}.Release|x64.Build.0 = Release|x64
		{2BF75BF7-1389-4AE4-B700-C326740B5D9E}.Release|x86.ActiveCfg = Release|Win32
		{2BF75BF7-1389-4AE4-B700-C326740B5D9E}.Release|x86.Build.0 = Release|Win32
		{AB67AAD0-AE89-45B6-8F8A-FD06BFD48E25}.Debug|x64.ActiveCfg = Debug|x64
		{AB67AAD0-AE89-45B6-8F8A-FD06BFD48E25}.Debug|x64.Build.0 = Debug|x64
		{AB67AAD0-AE89-45B6-8F8A-FD06BFD48E25}.Debug|x86.ActiveCfg = Debug|Win32
		{AB67AAD0-AE89-45B6-8F8A-FD06BFD48E25}.Debug|x86.Build.0 = Debug|Win32
		{AB67AAD0-AE89-45B6-8F8A-FD06BFD48E25}.Release|x64.ActiveCfg = Release|x64
		{AB67AAD0-AE89-45B6-8F8A-FD06BFD48E25}.Release|x64.Build.0 = Release|x64
		{AB67AAD0-AE89-45B6-8F8A-FD06BFD48E25}.Release|x86.ActiveCfg = Release|Win32
		{AB67AAD0-AE89-45B6-8F8A-FD06BFD48E25}.Release|x86.Build.0 = Release|Win32
		{4E2A3A32-E351-419B-97C6-D913F3CF0196}.Debug|x64.ActiveCfg = Debug|x64
		{4E2A3A32-E351-419B-97C6-D913F3CF0196}.Debug|x64.Build.0 = Debug|x64
		{4E2A3A32-E351-419B-97C6-D913F3CF0196}.Debug|x86.ActiveCfg = Debug|Win32
		{4E2A3A32-E351-419B-97C6-D913F3CF0196}.Debug|x86.Build.0 = Debug|Win32
		{4E2A3A32-E351-419B-97C6-D913F3CF0196}.Release|x64.ActiveCfg = Release|x64
		{4E2A3A32-E351-419B-97C6-D913F3CF0196}.Release|x64.Build.0 = Release|x64
		{4E2A3A32-E351-419B-97C6-D913F3CF0196}.Release|x86.ActiveCfg = Release|Win32
		{4E2A3A32-E351-419B-97C6-D913F3CF0196}.Release|x86.Build.0 = Release|Win32
		{B2FB1CB5-B809-4D96-98C7-067AC5329B0E}.Debug|x64.ActiveCfg = Debug|x64
		{B2FB1CB5-B809-4D96-98C7-067AC5329B0E}.Debug|x64.Build.0 = Debug|x64
		{B2FB1CB5-B809-4D96-98C7-067AC5329B0E}.Debug|x86.ActiveCfg = Debug|Win32
		{B2FB1CB5-B809-4D96-98C7-067AC5329B0E}.Debug|x86.Build.0 = Debug|Win32
		{B2FB1CB5-B809-4D96-98C7-067AC5329B0E}.Release|x64.ActiveCfg = Release|x64
		{B2FB1CB5-B809-4D96-98C7-067AC5329B0E}.Release|x64.Build.0 = Release|x64
		{B2FB1CB5-B809-4D96-98C7-067AC5329B0E}.Release|x86.ActiveCfg = Release|Win32
		{B2FB1CB5-B809-4D96-98C7-067AC5329B0E}.Release|x86.Build.0 = Release|Win32
	EndGlobalSection
	GlobalSection(SolutionProperties) = preSolution
		HideSolutionNode = FALSE
	EndGlobalSection
EndGlobal
