
Microsoft Visual Studio Solution File, Format Version 12.00
# Visual Studio 14
VisualStudioVersion = 14.0.24720.0
MinimumVisualStudioVersion = 10.0.40219.1
Project("{8BC9CEB8-8B4A-11D0-8D11-00A0C91BC942}") = "예제_7.2.1", "예제_7.2.1\예제_7.2.1.vcxproj", "{B5A163A8-2DDA-4377-87A0-84899DE3347D}"
EndProject
Project("{8BC9CEB8-8B4A-11D0-8D11-00A0C91BC942}") = "예제_7.2.2", "예제_7.2.2\예제_7.2.2.vcxproj", "{89500C4B-BFEE-4C08-8EA5-B155AF1F19C2}"
EndProject
Project("{8BC9CEB8-8B4A-11D0-8D11-00A0C91BC942}") = "예제_7.2.3", "예제_7.2.3\예제_7.2.3.vcxproj", "{49D2F964-322F-4107-B128-4CFA26184BE3}"
EndProject
Project("{8BC9CEB8-8B4A-11D0-8D11-00A0C91BC942}") = "예제_7.2.4", "예제_7.2.4\예제_7.2.4.vcxproj", "{0FF8F09B-7066-4F84-AAED-AC8CD533DE23}"
EndProject
Project("{8BC9CEB8-8B4A-11D0-8D11-00A0C91BC942}") = "예제_7.2.5", "예제_7.2.5\예제_7.2.5.vcxproj", "{C986E936-9C57-4E9E-A918-AB3E47D95EA4}"
EndProject
Project("{8BC9CEB8-8B4A-11D0-8D11-00A0C91BC942}") = "예제_7.2.7", "예제_7.2.7\예제_7.2.7.vcxproj", "{13E19CD8-91CD-471F-9FA9-0265D3E3D6CF}"
EndProject
Project("{8BC9CEB8-8B4A-11D0-8D11-00A0C91BC942}") = "예제_7.2.8", "예제_7.2.8\예제_7.2.8.vcxproj", "{B44D43CC-7E6E-472F-9FAF-A42A42EF378F}"
EndProject
Project("{8BC9CEB8-8B4A-11D0-8D11-00A0C91BC942}") = "예제_7.2.6", "예제_7.2.6\예제_7.2.6.vcxproj", "{0057B13E-9D0E-4DBF-BA47-1F6F9F2540C1}"
EndProject
Global
	GlobalSection(SolutionConfigurationPlatforms) = preSolution
		Debug|ARM = Debug|ARM
		Debug|x64 = Debug|x64
		Debug|x86 = Debug|x86
		Release|ARM = Release|ARM
		Release|x64 = Release|x64
		Release|x86 = Release|x86
	EndGlobalSection
	GlobalSection(ProjectConfigurationPlatforms) = postSolution
		{B5A163A8-2DDA-4377-87A0-84899DE3347D}.Debug|ARM.ActiveCfg = Debug|Win32
		{B5A163A8-2DDA-4377-87A0-84899DE3347D}.Debug|x64.ActiveCfg = Debug|x64
		{B5A163A8-2DDA-4377-87A0-84899DE3347D}.Debug|x64.Build.0 = Debug|x64
		{B5A163A8-2DDA-4377-87A0-84899DE3347D}.Debug|x86.ActiveCfg = Debug|Win32
		{B5A163A8-2DDA-4377-87A0-84899DE3347D}.Debug|x86.Build.0 = Debug|Win32
		{B5A163A8-2DDA-4377-87A0-84899DE3347D}.Release|ARM.ActiveCfg = Release|Win32
		{B5A163A8-2DDA-4377-87A0-84899DE3347D}.Release|x64.ActiveCfg = Release|x64
		{B5A163A8-2DDA-4377-87A0-84899DE3347D}.Release|x64.Build.0 = Release|x64
		{B5A163A8-2DDA-4377-87A0-84899DE3347D}.Release|x86.ActiveCfg = Release|Win32
		{B5A163A8-2DDA-4377-87A0-84899DE3347D}.Release|x86.Build.0 = Release|Win32
		{89500C4B-BFEE-4C08-8EA5-B155AF1F19C2}.Debug|ARM.ActiveCfg = Debug|Win32
		{89500C4B-BFEE-4C08-8EA5-B155AF1F19C2}.Debug|x64.ActiveCfg = Debug|x64
		{89500C4B-BFEE-4C08-8EA5-B155AF1F19C2}.Debug|x64.Build.0 = Debug|x64
		{89500C4B-BFEE-4C08-8EA5-B155AF1F19C2}.Debug|x86.ActiveCfg = Debug|Win32
		{89500C4B-BFEE-4C08-8EA5-B155AF1F19C2}.Debug|x86.Build.0 = Debug|Win32
		{89500C4B-BFEE-4C08-8EA5-B155AF1F19C2}.Release|ARM.ActiveCfg = Release|Win32
		{89500C4B-BFEE-4C08-8EA5-B155AF1F19C2}.Release|x64.ActiveCfg = Release|x64
		{89500C4B-BFEE-4C08-8EA5-B155AF1F19C2}.Release|x64.Build.0 = Release|x64
		{89500C4B-BFEE-4C08-8EA5-B155AF1F19C2}.Release|x86.ActiveCfg = Release|Win32
		{89500C4B-BFEE-4C08-8EA5-B155AF1F19C2}.Release|x86.Build.0 = Release|Win32
		{49D2F964-322F-4107-B128-4CFA26184BE3}.Debug|ARM.ActiveCfg = Debug|Win32
		{49D2F964-322F-4107-B128-4CFA26184BE3}.Debug|x64.ActiveCfg = Debug|x64
		{49D2F964-322F-4107-B128-4CFA26184BE3}.Debug|x64.Build.0 = Debug|x64
		{49D2F964-322F-4107-B128-4CFA26184BE3}.Debug|x86.ActiveCfg = Debug|Win32
		{49D2F964-322F-4107-B128-4CFA26184BE3}.Debug|x86.Build.0 = Debug|Win32
		{49D2F964-322F-4107-B128-4CFA26184BE3}.Release|ARM.ActiveCfg = Release|Win32
		{49D2F964-322F-4107-B128-4CFA26184BE3}.Release|x64.ActiveCfg = Release|x64
		{49D2F964-322F-4107-B128-4CFA26184BE3}.Release|x64.Build.0 = Release|x64
		{49D2F964-322F-4107-B128-4CFA26184BE3}.Release|x86.ActiveCfg = Release|Win32
		{49D2F964-322F-4107-B128-4CFA26184BE3}.Release|x86.Build.0 = Release|Win32
		{0FF8F09B-7066-4F84-AAED-AC8CD533DE23}.Debug|ARM.ActiveCfg = Debug|Win32
		{0FF8F09B-7066-4F84-AAED-AC8CD533DE23}.Debug|x64.ActiveCfg = Debug|x64
		{0FF8F09B-7066-4F84-AAED-AC8CD533DE23}.Debug|x64.Build.0 = Debug|x64
		{0FF8F09B-7066-4F84-AAED-AC8CD533DE23}.Debug|x86.ActiveCfg = Debug|Win32
		{0FF8F09B-7066-4F84-AAED-AC8CD533DE23}.Debug|x86.Build.0 = Debug|Win32
		{0FF8F09B-7066-4F84-AAED-AC8CD533DE23}.Release|ARM.ActiveCfg = Release|Win32
		{0FF8F09B-7066-4F84-AAED-AC8CD533DE23}.Release|x64.ActiveCfg = Release|x64
		{0FF8F09B-7066-4F84-AAED-AC8CD533DE23}.Release|x64.Build.0 = Release|x64
		{0FF8F09B-7066-4F84-AAED-AC8CD533DE23}.Release|x86.ActiveCfg = Release|Win32
		{0FF8F09B-7066-4F84-AAED-AC8CD533DE23}.Release|x86.Build.0 = Release|Win32
		{C986E936-9C57-4E9E-A918-AB3E47D95EA4}.Debug|ARM.ActiveCfg = Debug|Win32
		{C986E936-9C57-4E9E-A918-AB3E47D95EA4}.Debug|x64.ActiveCfg = Debug|x64
		{C986E936-9C57-4E9E-A918-AB3E47D95EA4}.Debug|x64.Build.0 = Debug|x64
		{C986E936-9C57-4E9E-A918-AB3E47D95EA4}.Debug|x86.ActiveCfg = Debug|Win32
		{C986E936-9C57-4E9E-A918-AB3E47D95EA4}.Debug|x86.Build.0 = Debug|Win32
		{C986E936-9C57-4E9E-A918-AB3E47D95EA4}.Release|ARM.ActiveCfg = Release|Win32
		{C986E936-9C57-4E9E-A918-AB3E47D95EA4}.Release|x64.ActiveCfg = Release|x64
		{C986E936-9C57-4E9E-A918-AB3E47D95EA4}.Release|x64.Build.0 = Release|x64
		{C986E936-9C57-4E9E-A918-AB3E47D95EA4}.Release|x86.ActiveCfg = Release|Win32
		{C986E936-9C57-4E9E-A918-AB3E47D95EA4}.Release|x86.Build.0 = Release|Win32
		{13E19CD8-91CD-471F-9FA9-0265D3E3D6CF}.Debug|ARM.ActiveCfg = Debug|Win32
		{13E19CD8-91CD-471F-9FA9-0265D3E3D6CF}.Debug|x64.ActiveCfg = Debug|x64
		{13E19CD8-91CD-471F-9FA9-0265D3E3D6CF}.Debug|x64.Build.0 = Debug|x64
		{13E19CD8-91CD-471F-9FA9-0265D3E3D6CF}.Debug|x86.ActiveCfg = Debug|Win32
		{13E19CD8-91CD-471F-9FA9-0265D3E3D6CF}.Debug|x86.Build.0 = Debug|Win32
		{13E19CD8-91CD-471F-9FA9-0265D3E3D6CF}.Release|ARM.ActiveCfg = Release|Win32
		{13E19CD8-91CD-471F-9FA9-0265D3E3D6CF}.Release|x64.ActiveCfg = Release|x64
		{13E19CD8-91CD-471F-9FA9-0265D3E3D6CF}.Release|x64.Build.0 = Release|x64
		{13E19CD8-91CD-471F-9FA9-0265D3E3D6CF}.Release|x86.ActiveCfg = Release|Win32
		{13E19CD8-91CD-471F-9FA9-0265D3E3D6CF}.Release|x86.Build.0 = Release|Win32
		{B44D43CC-7E6E-472F-9FAF-A42A42EF378F}.Debug|ARM.ActiveCfg = Debug|Win32
		{B44D43CC-7E6E-472F-9FAF-A42A42EF378F}.Debug|x64.ActiveCfg = Debug|x64
		{B44D43CC-7E6E-472F-9FAF-A42A42EF378F}.Debug|x64.Build.0 = Debug|x64
		{B44D43CC-7E6E-472F-9FAF-A42A42EF378F}.Debug|x86.ActiveCfg = Debug|Win32
		{B44D43CC-7E6E-472F-9FAF-A42A42EF378F}.Debug|x86.Build.0 = Debug|Win32
		{B44D43CC-7E6E-472F-9FAF-A42A42EF378F}.Release|ARM.ActiveCfg = Release|Win32
		{B44D43CC-7E6E-472F-9FAF-A42A42EF378F}.Release|x64.ActiveCfg = Release|x64
		{B44D43CC-7E6E-472F-9FAF-A42A42EF378F}.Release|x64.Build.0 = Release|x64
		{B44D43CC-7E6E-472F-9FAF-A42A42EF378F}.Release|x86.ActiveCfg = Release|Win32
		{B44D43CC-7E6E-472F-9FAF-A42A42EF378F}.Release|x86.Build.0 = Release|Win32
		{0057B13E-9D0E-4DBF-BA47-1F6F9F2540C1}.Debug|ARM.ActiveCfg = Debug|Win32
		{0057B13E-9D0E-4DBF-BA47-1F6F9F2540C1}.Debug|x64.ActiveCfg = Debug|x64
		{0057B13E-9D0E-4DBF-BA47-1F6F9F2540C1}.Debug|x64.Build.0 = Debug|x64
		{0057B13E-9D0E-4DBF-BA47-1F6F9F2540C1}.Debug|x86.ActiveCfg = Debug|Win32
		{0057B13E-9D0E-4DBF-BA47-1F6F9F2540C1}.Debug|x86.Build.0 = Debug|Win32
		{0057B13E-9D0E-4DBF-BA47-1F6F9F2540C1}.Release|ARM.ActiveCfg = Release|Win32
		{0057B13E-9D0E-4DBF-BA47-1F6F9F2540C1}.Release|x64.ActiveCfg = Release|x64
		{0057B13E-9D0E-4DBF-BA47-1F6F9F2540C1}.Release|x64.Build.0 = Release|x64
		{0057B13E-9D0E-4DBF-BA47-1F6F9F2540C1}.Release|x86.ActiveCfg = Release|Win32
		{0057B13E-9D0E-4DBF-BA47-1F6F9F2540C1}.Release|x86.Build.0 = Release|Win32
	EndGlobalSection
	GlobalSection(SolutionProperties) = preSolution
		HideSolutionNode = FALSE
	EndGlobalSection
EndGlobal
