
Microsoft Visual Studio Solution File, Format Version 12.00
# Visual Studio 14
VisualStudioVersion = 14.0.24720.0
MinimumVisualStudioVersion = 10.0.40219.1
Project("{8BC9CEB8-8B4A-11D0-8D11-00A0C91BC942}") = "예제_5.5.1", "예제_5.5.1\예제_5.5.1.vcxproj", "{3802959C-DA12-4923-B13C-BE51B3A0F271}"
EndProject
Project("{8BC9CEB8-8B4A-11D0-8D11-00A0C91BC942}") = "예제_5.5.2", "예제_5.5.2\예제_5.5.2.vcxproj", "{CF493EAB-4BBB-4E09-9999-F003149361EC}"
EndProject
Project("{8BC9CEB8-8B4A-11D0-8D11-00A0C91BC942}") = "예제_5.5.3", "예제_5.5.3\예제_5.5.3.vcxproj", "{00E35F8B-52A8-4E28-A4E0-FDE659467403}"
EndProject
Project("{8BC9CEB8-8B4A-11D0-8D11-00A0C91BC942}") = "예제_5.5.4", "예제_5.5.4\예제_5.5.4.vcxproj", "{898E9214-954F-4C7B-B058-6A1FCE3917B8}"
EndProject
Project("{8BC9CEB8-8B4A-11D0-8D11-00A0C91BC942}") = "예제_5.6.1", "예제_5.6.1\예제_5.6.1.vcxproj", "{6552B2EF-12B3-4CD6-B89D-35499CA48AAE}"
EndProject
Project("{8BC9CEB8-8B4A-11D0-8D11-00A0C91BC942}") = "예제_5.6.2", "예제_5.6.2\예제_5.6.2.vcxproj", "{1920BAFE-ED08-4EA2-9485-5A2BE0BAB9CB}"
EndProject
Project("{8BC9CEB8-8B4A-11D0-8D11-00A0C91BC942}") = "예제_5.6.3", "예제_5.6.3\예제_5.6.3.vcxproj", "{DD1554BA-6735-44EA-A0B6-D2536E1BC998}"
EndProject
Project("{8BC9CEB8-8B4A-11D0-8D11-00A0C91BC942}") = "예제_5.5.5", "예제_5.5.5\예제_5.5.5.vcxproj", "{9C5E6C24-6130-4FBF-9664-7B55885CB4CE}"
EndProject
Global
	GlobalSection(SolutionConfigurationPlatforms) = preSolution
		Debug|Win32 = Debug|Win32
		Debug|x64 = Debug|x64
		Release|Win32 = Release|Win32
		Release|x64 = Release|x64
	EndGlobalSection
	GlobalSection(ProjectConfigurationPlatforms) = postSolution
		{3802959C-DA12-4923-B13C-BE51B3A0F271}.Debug|Win32.ActiveCfg = Debug|Win32
		{3802959C-DA12-4923-B13C-BE51B3A0F271}.Debug|Win32.Build.0 = Debug|Win32
		{3802959C-DA12-4923-B13C-BE51B3A0F271}.Debug|x64.ActiveCfg = Debug|x64
		{3802959C-DA12-4923-B13C-BE51B3A0F271}.Debug|x64.Build.0 = Debug|x64
		{3802959C-DA12-4923-B13C-BE51B3A0F271}.Release|Win32.ActiveCfg = Release|Win32
		{3802959C-DA12-4923-B13C-BE51B3A0F271}.Release|x64.ActiveCfg = Release|x64
		{3802959C-DA12-4923-B13C-BE51B3A0F271}.Release|x64.Build.0 = Release|x64
		{CF493EAB-4BBB-4E09-9999-F003149361EC}.Debug|Win32.ActiveCfg = Debug|Win32
		{CF493EAB-4BBB-4E09-9999-F003149361EC}.Debug|Win32.Build.0 = Debug|Win32
		{CF493EAB-4BBB-4E09-9999-F003149361EC}.Debug|x64.ActiveCfg = Debug|x64
		{CF493EAB-4BBB-4E09-9999-F003149361EC}.Debug|x64.Build.0 = Debug|x64
		{CF493EAB-4BBB-4E09-9999-F003149361EC}.Release|Win32.ActiveCfg = Release|Win32
		{CF493EAB-4BBB-4E09-9999-F003149361EC}.Release|Win32.Build.0 = Release|Win32
		{CF493EAB-4BBB-4E09-9999-F003149361EC}.Release|x64.ActiveCfg = Release|x64
		{CF493EAB-4BBB-4E09-9999-F003149361EC}.Release|x64.Build.0 = Release|x64
		{00E35F8B-52A8-4E28-A4E0-FDE659467403}.Debug|Win32.ActiveCfg = Debug|Win32
		{00E35F8B-52A8-4E28-A4E0-FDE659467403}.Debug|Win32.Build.0 = Debug|Win32
		{00E35F8B-52A8-4E28-A4E0-FDE659467403}.Debug|x64.ActiveCfg = Debug|x64
		{00E35F8B-52A8-4E28-A4E0-FDE659467403}.Debug|x64.Build.0 = Debug|x64
		{00E35F8B-52A8-4E28-A4E0-FDE659467403}.Release|Win32.ActiveCfg = Release|Win32
		{00E35F8B-52A8-4E28-A4E0-FDE659467403}.Release|Win32.Build.0 = Release|Win32
		{00E35F8B-52A8-4E28-A4E0-FDE659467403}.Release|x64.ActiveCfg = Release|x64
		{00E35F8B-52A8-4E28-A4E0-FDE659467403}.Release|x64.Build.0 = Release|x64
		{898E9214-954F-4C7B-B058-6A1FCE3917B8}.Debug|Win32.ActiveCfg = Debug|Win32
		{898E9214-954F-4C7B-B058-6A1FCE3917B8}.Debug|Win32.Build.0 = Debug|Win32
		{898E9214-954F-4C7B-B058-6A1FCE3917B8}.Debug|x64.ActiveCfg = Debug|x64
		{898E9214-954F-4C7B-B058-6A1FCE3917B8}.Debug|x64.Build.0 = Debug|x64
		{898E9214-954F-4C7B-B058-6A1FCE3917B8}.Release|Win32.ActiveCfg = Release|Win32
		{898E9214-954F-4C7B-B058-6A1FCE3917B8}.Release|Win32.Build.0 = Release|Win32
		{898E9214-954F-4C7B-B058-6A1FCE3917B8}.Release|x64.ActiveCfg = Release|x64
		{898E9214-954F-4C7B-B058-6A1FCE3917B8}.Release|x64.Build.0 = Release|x64
		{6552B2EF-12B3-4CD6-B89D-35499CA48AAE}.Debug|Win32.ActiveCfg = Debug|Win32
		{6552B2EF-12B3-4CD6-B89D-35499CA48AAE}.Debug|Win32.Build.0 = Debug|Win32
		{6552B2EF-12B3-4CD6-B89D-35499CA48AAE}.Debug|x64.ActiveCfg = Debug|x64
		{6552B2EF-12B3-4CD6-B89D-35499CA48AAE}.Debug|x64.Build.0 = Debug|x64
		{6552B2EF-12B3-4CD6-B89D-35499CA48AAE}.Release|Win32.ActiveCfg = Release|Win32
		{6552B2EF-12B3-4CD6-B89D-35499CA48AAE}.Release|Win32.Build.0 = Release|Win32
		{6552B2EF-12B3-4CD6-B89D-35499CA48AAE}.Release|x64.ActiveCfg = Release|x64
		{6552B2EF-12B3-4CD6-B89D-35499CA48AAE}.Release|x64.Build.0 = Release|x64
		{1920BAFE-ED08-4EA2-9485-5A2BE0BAB9CB}.Debug|Win32.ActiveCfg = Debug|Win32
		{1920BAFE-ED08-4EA2-9485-5A2BE0BAB9CB}.Debug|Win32.Build.0 = Debug|Win32
		{1920BAFE-ED08-4EA2-9485-5A2BE0BAB9CB}.Debug|x64.ActiveCfg = Debug|x64
		{1920BAFE-ED08-4EA2-9485-5A2BE0BAB9CB}.Debug|x64.Build.0 = Debug|x64
		{1920BAFE-ED08-4EA2-9485-5A2BE0BAB9CB}.Release|Win32.ActiveCfg = Release|Win32
		{1920BAFE-ED08-4EA2-9485-5A2BE0BAB9CB}.Release|Win32.Build.0 = Release|Win32
		{1920BAFE-ED08-4EA2-9485-5A2BE0BAB9CB}.Release|x64.ActiveCfg = Release|x64
		{1920BAFE-ED08-4EA2-9485-5A2BE0BAB9CB}.Release|x64.Build.0 = Release|x64
		{DD1554BA-6735-44EA-A0B6-D2536E1BC998}.Debug|Win32.ActiveCfg = Debug|Win32
		{DD1554BA-6735-44EA-A0B6-D2536E1BC998}.Debug|Win32.Build.0 = Debug|Win32
		{DD1554BA-6735-44EA-A0B6-D2536E1BC998}.Debug|x64.ActiveCfg = Debug|x64
		{DD1554BA-6735-44EA-A0B6-D2536E1BC998}.Debug|x64.Build.0 = Debug|x64
		{DD1554BA-6735-44EA-A0B6-D2536E1BC998}.Release|Win32.ActiveCfg = Release|Win32
		{DD1554BA-6735-44EA-A0B6-D2536E1BC998}.Release|Win32.Build.0 = Release|Win32
		{DD1554BA-6735-44EA-A0B6-D2536E1BC998}.Release|x64.ActiveCfg = Release|x64
		{DD1554BA-6735-44EA-A0B6-D2536E1BC998}.Release|x64.Build.0 = Release|x64
		{9C5E6C24-6130-4FBF-9664-7B55885CB4CE}.Debug|Win32.ActiveCfg = Debug|Win32
		{9C5E6C24-6130-4FBF-9664-7B55885CB4CE}.Debug|Win32.Build.0 = Debug|Win32
		{9C5E6C24-6130-4FBF-9664-7B55885CB4CE}.Debug|x64.ActiveCfg = Debug|x64
		{9C5E6C24-6130-4FBF-9664-7B55885CB4CE}.Debug|x64.Build.0 = Debug|x64
		{9C5E6C24-6130-4FBF-9664-7B55885CB4CE}.Release|Win32.ActiveCfg = Release|Win32
		{9C5E6C24-6130-4FBF-9664-7B55885CB4CE}.Release|Win32.Build.0 = Release|Win32
		{9C5E6C24-6130-4FBF-9664-7B55885CB4CE}.Release|x64.ActiveCfg = Release|x64
		{9C5E6C24-6130-4FBF-9664-7B55885CB4CE}.Release|x64.Build.0 = Release|x64
	EndGlobalSection
	GlobalSection(SolutionProperties) = preSolution
		HideSolutionNode = FALSE
	EndGlobalSection
EndGlobal
