
Microsoft Visual Studio Solution File, Format Version 12.00
# Visual Studio 14
VisualStudioVersion = 14.0.24720.0
MinimumVisualStudioVersion = 10.0.40219.1
Project("{8BC9CEB8-8B4A-11D0-8D11-00A0C91BC942}") = "예제_10.1.1", "예제_10.1.1\예제_10.1.1.vcxproj", "{AF57FB95-C89D-44B1-9BC4-93C7774E11B4}"
EndProject
Project("{8BC9CEB8-8B4A-11D0-8D11-00A0C91BC942}") = "예제_10.2.1", "예제_10.2.1\예제_10.2.1.vcxproj", "{878AD032-46A2-428E-91C7-6E5573FB7257}"
EndProject
Project("{8BC9CEB8-8B4A-11D0-8D11-00A0C91BC942}") = "예제_10.3.1", "예제_10.3.1\예제_10.3.1.vcxproj", "{61E55B59-2D5C-46CD-8341-980C392FDB9A}"
EndProject
Project("{8BC9CEB8-8B4A-11D0-8D11-00A0C91BC942}") = "예제_10.3.2", "예제_10.3.2\예제_10.3.2.vcxproj", "{E1390513-3BE6-477E-BF16-AE2900C6533E}"
EndProject
Project("{8BC9CEB8-8B4A-11D0-8D11-00A0C91BC942}") = "예제_10.4.1", "예제_10.4.1\예제_10.4.1.vcxproj", "{DDBC5E41-2DE6-4827-8D0C-AC66B6893332}"
EndProject
Project("{8BC9CEB8-8B4A-11D0-8D11-00A0C91BC942}") = "예제_10.4.2", "예제_10.4.2\예제_10.4.2.vcxproj", "{9EACE2DE-33C8-4C98-A02D-52CC0909E267}"
EndProject
Project("{8BC9CEB8-8B4A-11D0-8D11-00A0C91BC942}") = "예제_10.3.3", "예제_10.3.3\예제_10.3.3.vcxproj", "{723BFF70-984D-43E4-AFE7-49DCF52CFDE9}"
EndProject
Project("{8BC9CEB8-8B4A-11D0-8D11-00A0C91BC942}") = "예제_10.1.2(심화)", "예제_10.1.2(심화)\예제_10.1.2.vcxproj", "{525DD2DB-447D-4BCB-8A28-0036D6379DCC}"
EndProject
Global
	GlobalSection(SolutionConfigurationPlatforms) = preSolution
		Debug|Win32 = Debug|Win32
		Debug|x64 = Debug|x64
		Release|Win32 = Release|Win32
		Release|x64 = Release|x64
	EndGlobalSection
	GlobalSection(ProjectConfigurationPlatforms) = postSolution
		{AF57FB95-C89D-44B1-9BC4-93C7774E11B4}.Debug|Win32.ActiveCfg = Debug|Win32
		{AF57FB95-C89D-44B1-9BC4-93C7774E11B4}.Debug|Win32.Build.0 = Debug|Win32
		{AF57FB95-C89D-44B1-9BC4-93C7774E11B4}.Debug|x64.ActiveCfg = Debug|x64
		{AF57FB95-C89D-44B1-9BC4-93C7774E11B4}.Debug|x64.Build.0 = Debug|x64
		{AF57FB95-C89D-44B1-9BC4-93C7774E11B4}.Release|Win32.ActiveCfg = Release|Win32
		{AF57FB95-C89D-44B1-9BC4-93C7774E11B4}.Release|Win32.Build.0 = Release|Win32
		{AF57FB95-C89D-44B1-9BC4-93C7774E11B4}.Release|x64.ActiveCfg = Release|x64
		{AF57FB95-C89D-44B1-9BC4-93C7774E11B4}.Release|x64.Build.0 = Release|x64
		{878AD032-46A2-428E-91C7-6E5573FB7257}.Debug|Win32.ActiveCfg = Debug|Win32
		{878AD032-46A2-428E-91C7-6E5573FB7257}.Debug|Win32.Build.0 = Debug|Win32
		{878AD032-46A2-428E-91C7-6E5573FB7257}.Debug|x64.ActiveCfg = Debug|x64
		{878AD032-46A2-428E-91C7-6E5573FB7257}.Debug|x64.Build.0 = Debug|x64
		{878AD032-46A2-428E-91C7-6E5573FB7257}.Release|Win32.ActiveCfg = Release|Win32
		{878AD032-46A2-428E-91C7-6E5573FB7257}.Release|Win32.Build.0 = Release|Win32
		{878AD032-46A2-428E-91C7-6E5573FB7257}.Release|x64.ActiveCfg = Release|x64
		{878AD032-46A2-428E-91C7-6E5573FB7257}.Release|x64.Build.0 = Release|x64
		{61E55B59-2D5C-46CD-8341-980C392FDB9A}.Debug|Win32.ActiveCfg = Debug|Win32
		{61E55B59-2D5C-46CD-8341-980C392FDB9A}.Debug|Win32.Build.0 = Debug|Win32
		{61E55B59-2D5C-46CD-8341-980C392FDB9A}.Debug|x64.ActiveCfg = Debug|x64
		{61E55B59-2D5C-46CD-8341-980C392FDB9A}.Debug|x64.Build.0 = Debug|x64
		{61E55B59-2D5C-46CD-8341-980C392FDB9A}.Release|Win32.ActiveCfg = Release|Win32
		{61E55B59-2D5C-46CD-8341-980C392FDB9A}.Release|Win32.Build.0 = Release|Win32
		{61E55B59-2D5C-46CD-8341-980C392FDB9A}.Release|x64.ActiveCfg = Release|x64
		{61E55B59-2D5C-46CD-8341-980C392FDB9A}.Release|x64.Build.0 = Release|x64
		{E1390513-3BE6-477E-BF16-AE2900C6533E}.Debug|Win32.ActiveCfg = Debug|Win32
		{E1390513-3BE6-477E-BF16-AE2900C6533E}.Debug|Win32.Build.0 = Debug|Win32
		{E1390513-3BE6-477E-BF16-AE2900C6533E}.Debug|x64.ActiveCfg = Debug|x64
		{E1390513-3BE6-477E-BF16-AE2900C6533E}.Debug|x64.Build.0 = Debug|x64
		{E1390513-3BE6-477E-BF16-AE2900C6533E}.Release|Win32.ActiveCfg = Release|Win32
		{E1390513-3BE6-477E-BF16-AE2900C6533E}.Release|Win32.Build.0 = Release|Win32
		{E1390513-3BE6-477E-BF16-AE2900C6533E}.Release|x64.ActiveCfg = Release|x64
		{E1390513-3BE6-477E-BF16-AE2900C6533E}.Release|x64.Build.0 = Release|x64
		{DDBC5E41-2DE6-4827-8D0C-AC66B6893332}.Debug|Win32.ActiveCfg = Debug|Win32
		{DDBC5E41-2DE6-4827-8D0C-AC66B6893332}.Debug|Win32.Build.0 = Debug|Win32
		{DDBC5E41-2DE6-4827-8D0C-AC66B6893332}.Debug|x64.ActiveCfg = Debug|x64
		{DDBC5E41-2DE6-4827-8D0C-AC66B6893332}.Debug|x64.Build.0 = Debug|x64
		{DDBC5E41-2DE6-4827-8D0C-AC66B6893332}.Release|Win32.ActiveCfg = Release|Win32
		{DDBC5E41-2DE6-4827-8D0C-AC66B6893332}.Release|Win32.Build.0 = Release|Win32
		{DDBC5E41-2DE6-4827-8D0C-AC66B6893332}.Release|x64.ActiveCfg = Release|x64
		{DDBC5E41-2DE6-4827-8D0C-AC66B6893332}.Release|x64.Build.0 = Release|x64
		{9EACE2DE-33C8-4C98-A02D-52CC0909E267}.Debug|Win32.ActiveCfg = Debug|Win32
		{9EACE2DE-33C8-4C98-A02D-52CC0909E267}.Debug|Win32.Build.0 = Debug|Win32
		{9EACE2DE-33C8-4C98-A02D-52CC0909E267}.Debug|x64.ActiveCfg = Debug|x64
		{9EACE2DE-33C8-4C98-A02D-52CC0909E267}.Debug|x64.Build.0 = Debug|x64
		{9EACE2DE-33C8-4C98-A02D-52CC0909E267}.Release|Win32.ActiveCfg = Release|Win32
		{9EACE2DE-33C8-4C98-A02D-52CC0909E267}.Release|Win32.Build.0 = Release|Win32
		{9EACE2DE-33C8-4C98-A02D-52CC0909E267}.Release|x64.ActiveCfg = Release|x64
		{9EACE2DE-33C8-4C98-A02D-52CC0909E267}.Release|x64.Build.0 = Release|x64
		{723BFF70-984D-43E4-AFE7-49DCF52CFDE9}.Debug|Win32.ActiveCfg = Debug|Win32
		{723BFF70-984D-43E4-AFE7-49DCF52CFDE9}.Debug|Win32.Build.0 = Debug|Win32
		{723BFF70-984D-43E4-AFE7-49DCF52CFDE9}.Debug|x64.ActiveCfg = Debug|x64
		{723BFF70-984D-43E4-AFE7-49DCF52CFDE9}.Debug|x64.Build.0 = Debug|x64
		{723BFF70-984D-43E4-AFE7-49DCF52CFDE9}.Release|Win32.ActiveCfg = Release|Win32
		{723BFF70-984D-43E4-AFE7-49DCF52CFDE9}.Release|Win32.Build.0 = Release|Win32
		{723BFF70-984D-43E4-AFE7-49DCF52CFDE9}.Release|x64.ActiveCfg = Release|x64
		{723BFF70-984D-43E4-AFE7-49DCF52CFDE9}.Release|x64.Build.0 = Release|x64
		{525DD2DB-447D-4BCB-8A28-0036D6379DCC}.Debug|Win32.ActiveCfg = Debug|Win32
		{525DD2DB-447D-4BCB-8A28-0036D6379DCC}.Debug|Win32.Build.0 = Debug|Win32
		{525DD2DB-447D-4BCB-8A28-0036D6379DCC}.Debug|x64.ActiveCfg = Debug|x64
		{525DD2DB-447D-4BCB-8A28-0036D6379DCC}.Debug|x64.Build.0 = Debug|x64
		{525DD2DB-447D-4BCB-8A28-0036D6379DCC}.Release|Win32.ActiveCfg = Release|Win32
		{525DD2DB-447D-4BCB-8A28-0036D6379DCC}.Release|Win32.Build.0 = Release|Win32
		{525DD2DB-447D-4BCB-8A28-0036D6379DCC}.Release|x64.ActiveCfg = Release|x64
		{525DD2DB-447D-4BCB-8A28-0036D6379DCC}.Release|x64.Build.0 = Release|x64
	EndGlobalSection
	GlobalSection(SolutionProperties) = preSolution
		HideSolutionNode = FALSE
	EndGlobalSection
EndGlobal
