
Microsoft Visual Studio Solution File, Format Version 12.00
# Visual Studio 14
VisualStudioVersion = 14.0.24720.0
MinimumVisualStudioVersion = 10.0.40219.1
Project("{8BC9CEB8-8B4A-11D0-8D11-00A0C91BC942}") = "예제_7.4.1", "예제_7.4.1\예제_7.4.1.vcxproj", "{76B3DD1B-0A36-46C9-8949-7CB2DCB87A68}"
EndProject
Project("{8BC9CEB8-8B4A-11D0-8D11-00A0C91BC942}") = "예제_7.4.2", "예제_7.4.2\예제_7.4.2.vcxproj", "{E599B935-DDA1-4095-9D85-819C77B0D8E2}"
EndProject
Project("{8BC9CEB8-8B4A-11D0-8D11-00A0C91BC942}") = "예제_7.4.3", "예제_7.4.3\예제_7.4.3.vcxproj", "{8EB48FB5-BB31-41CE-A8D1-A643C03DDC1B}"
EndProject
Project("{8BC9CEB8-8B4A-11D0-8D11-00A0C91BC942}") = "예제_7.4.4(심화)", "예제_7.4.4(심화)\예제_7.4.4.vcxproj", "{A08737DD-1339-4D4C-B9CA-6A56CAAE45D8}"
EndProject
Global
	GlobalSection(SolutionConfigurationPlatforms) = preSolution
		Debug|x64 = Debug|x64
		Debug|x86 = Debug|x86
		Release|x64 = Release|x64
		Release|x86 = Release|x86
	EndGlobalSection
	GlobalSection(ProjectConfigurationPlatforms) = postSolution
		{76B3DD1B-0A36-46C9-8949-7CB2DCB87A68}.Debug|x64.ActiveCfg = Debug|x64
		{76B3DD1B-0A36-46C9-8949-7CB2DCB87A68}.Debug|x64.Build.0 = Debug|x64
		{76B3DD1B-0A36-46C9-8949-7CB2DCB87A68}.Debug|x86.ActiveCfg = Debug|Win32
		{76B3DD1B-0A36-46C9-8949-7CB2DCB87A68}.Debug|x86.Build.0 = Debug|Win32
		{76B3DD1B-0A36-46C9-8949-7CB2DCB87A68}.Release|x64.ActiveCfg = Release|x64
		{76B3DD1B-0A36-46C9-8949-7CB2DCB87A68}.Release|x64.Build.0 = Release|x64
		{76B3DD1B-0A36-46C9-8949-7CB2DCB87A68}.Release|x86.ActiveCfg = Release|Win32
		{76B3DD1B-0A36-46C9-8949-7CB2DCB87A68}.Release|x86.Build.0 = Release|Win32
		{E599B935-DDA1-4095-9D85-819C77B0D8E2}.Debug|x64.ActiveCfg = Debug|x64
		{E599B935-DDA1-4095-9D85-819C77B0D8E2}.Debug|x64.Build.0 = Debug|x64
		{E599B935-DDA1-4095-9D85-819C77B0D8E2}.Debug|x86.ActiveCfg = Debug|Win32
		{E599B935-DDA1-4095-9D85-819C77B0D8E2}.Debug|x86.Build.0 = Debug|Win32
		{E599B935-DDA1-4095-9D85-819C77B0D8E2}.Release|x64.ActiveCfg = Release|x64
		{E599B935-DDA1-4095-9D85-819C77B0D8E2}.Release|x64.Build.0 = Release|x64
		{E599B935-DDA1-4095-9D85-819C77B0D8E2}.Release|x86.ActiveCfg = Release|Win32
		{E599B935-DDA1-4095-9D85-819C77B0D8E2}.Release|x86.Build.0 = Release|Win32
		{8EB48FB5-BB31-41CE-A8D1-A643C03DDC1B}.Debug|x64.ActiveCfg = Debug|x64
		{8EB48FB5-BB31-41CE-A8D1-A643C03DDC1B}.Debug|x64.Build.0 = Debug|x64
		{8EB48FB5-BB31-41CE-A8D1-A643C03DDC1B}.Debug|x86.ActiveCfg = Debug|Win32
		{8EB48FB5-BB31-41CE-A8D1-A643C03DDC1B}.Debug|x86.Build.0 = Debug|Win32
		{8EB48FB5-BB31-41CE-A8D1-A643C03DDC1B}.Release|x64.ActiveCfg = Release|x64
		{8EB48FB5-BB31-41CE-A8D1-A643C03DDC1B}.Release|x64.Build.0 = Release|x64
		{8EB48FB5-BB31-41CE-A8D1-A643C03DDC1B}.Release|x86.ActiveCfg = Release|Win32
		{8EB48FB5-BB31-41CE-A8D1-A643C03DDC1B}.Release|x86.Build.0 = Release|Win32
		{A08737DD-1339-4D4C-B9CA-6A56CAAE45D8}.Debug|x64.ActiveCfg = Debug|x64
		{A08737DD-1339-4D4C-B9CA-6A56CAAE45D8}.Debug|x64.Build.0 = Debug|x64
		{A08737DD-1339-4D4C-B9CA-6A56CAAE45D8}.Debug|x86.ActiveCfg = Debug|Win32
		{A08737DD-1339-4D4C-B9CA-6A56CAAE45D8}.Debug|x86.Build.0 = Debug|Win32
		{A08737DD-1339-4D4C-B9CA-6A56CAAE45D8}.Release|x64.ActiveCfg = Release|x64
		{A08737DD-1339-4D4C-B9CA-6A56CAAE45D8}.Release|x64.Build.0 = Release|x64
		{A08737DD-1339-4D4C-B9CA-6A56CAAE45D8}.Release|x86.ActiveCfg = Release|Win32
		{A08737DD-1339-4D4C-B9CA-6A56CAAE45D8}.Release|x86.Build.0 = Release|Win32
	EndGlobalSection
	GlobalSection(SolutionProperties) = preSolution
		HideSolutionNode = FALSE
	EndGlobalSection
EndGlobal
