
Microsoft Visual Studio Solution File, Format Version 12.00
# Visual Studio 14
VisualStudioVersion = 14.0.24720.0
MinimumVisualStudioVersion = 10.0.40219.1
Project("{8BC9CEB8-8B4A-11D0-8D11-00A0C91BC942}") = "예제_6.1.1", "예제_6.1.1\예제_6.1.1.vcxproj", "{AF57FB95-C89D-44B1-9BC4-93C7774E11B4}"
EndProject
Project("{8BC9CEB8-8B4A-11D0-8D11-00A0C91BC942}") = "예제_6.1.2", "예제_6.1.2\예제_6.1.2.vcxproj", "{4B6A28FE-955A-43FE-9126-D148A12A6D36}"
EndProject
Project("{8BC9CEB8-8B4A-11D0-8D11-00A0C91BC942}") = "예제_6.1.3", "예제_6.1.3\예제_6.1.3.vcxproj", "{00715554-DF64-486D-82E5-6AEF7BA2AC0A}"
EndProject
Global
	GlobalSection(SolutionConfigurationPlatforms) = preSolution
		Debug|Win32 = Debug|Win32
		Debug|x64 = Debug|x64
		Release|Win32 = Release|Win32
		Release|x64 = Release|x64
	EndGlobalSection
	GlobalSection(ProjectConfigurationPlatforms) = postSolution
		{AF57FB95-C89D-44B1-9BC4-93C7774E11B4}.Debug|Win32.ActiveCfg = Debug|Win32
		{AF57FB95-C89D-44B1-9BC4-93C7774E11B4}.Debug|Win32.Build.0 = Debug|Win32
		{AF57FB95-C89D-44B1-9BC4-93C7774E11B4}.Debug|x64.ActiveCfg = Debug|x64
		{AF57FB95-C89D-44B1-9BC4-93C7774E11B4}.Debug|x64.Build.0 = Debug|x64
		{AF57FB95-C89D-44B1-9BC4-93C7774E11B4}.Release|Win32.ActiveCfg = Release|Win32
		{AF57FB95-C89D-44B1-9BC4-93C7774E11B4}.Release|Win32.Build.0 = Release|Win32
		{AF57FB95-C89D-44B1-9BC4-93C7774E11B4}.Release|x64.ActiveCfg = Release|x64
		{AF57FB95-C89D-44B1-9BC4-93C7774E11B4}.Release|x64.Build.0 = Release|x64
		{4B6A28FE-955A-43FE-9126-D148A12A6D36}.Debug|Win32.ActiveCfg = Debug|Win32
		{4B6A28FE-955A-43FE-9126-D148A12A6D36}.Debug|Win32.Build.0 = Debug|Win32
		{4B6A28FE-955A-43FE-9126-D148A12A6D36}.Debug|x64.ActiveCfg = Debug|x64
		{4B6A28FE-955A-43FE-9126-D148A12A6D36}.Debug|x64.Build.0 = Debug|x64
		{4B6A28FE-955A-43FE-9126-D148A12A6D36}.Release|Win32.ActiveCfg = Release|Win32
		{4B6A28FE-955A-43FE-9126-D148A12A6D36}.Release|Win32.Build.0 = Release|Win32
		{4B6A28FE-955A-43FE-9126-D148A12A6D36}.Release|x64.ActiveCfg = Release|x64
		{4B6A28FE-955A-43FE-9126-D148A12A6D36}.Release|x64.Build.0 = Release|x64
		{00715554-DF64-486D-82E5-6AEF7BA2AC0A}.Debug|Win32.ActiveCfg = Debug|Win32
		{00715554-DF64-486D-82E5-6AEF7BA2AC0A}.Debug|Win32.Build.0 = Debug|Win32
		{00715554-DF64-486D-82E5-6AEF7BA2AC0A}.Debug|x64.ActiveCfg = Debug|x64
		{00715554-DF64-486D-82E5-6AEF7BA2AC0A}.Debug|x64.Build.0 = Debug|x64
		{00715554-DF64-486D-82E5-6AEF7BA2AC0A}.Release|Win32.ActiveCfg = Release|Win32
		{00715554-DF64-486D-82E5-6AEF7BA2AC0A}.Release|Win32.Build.0 = Release|Win32
		{00715554-DF64-486D-82E5-6AEF7BA2AC0A}.Release|x64.ActiveCfg = Release|x64
		{00715554-DF64-486D-82E5-6AEF7BA2AC0A}.Release|x64.Build.0 = Release|x64
	EndGlobalSection
	GlobalSection(SolutionProperties) = preSolution
		HideSolutionNode = FALSE
	EndGlobalSection
EndGlobal
