
Microsoft Visual Studio Solution File, Format Version 12.00
# Visual Studio 14
VisualStudioVersion = 14.0.24720.0
MinimumVisualStudioVersion = 10.0.40219.1
Project("{8BC9CEB8-8B4A-11D0-8D11-00A0C91BC942}") = "예제_11.3.1", "예제_11.3.1\예제_11.3.1.vcxproj", "{8A638073-21B6-4E43-A1D5-380F55AB3820}"
EndProject
Project("{8BC9CEB8-8B4A-11D0-8D11-00A0C91BC942}") = "예제_11.3.2", "예제_11.3.2\예제_11.3.2.vcxproj", "{D52DAE0C-F77C-479A-B3DA-F4C2DFF08F79}"
EndProject
Project("{8BC9CEB8-8B4A-11D0-8D11-00A0C91BC942}") = "예제_11.3.3", "예제_11.3.3\예제_11.3.3.vcxproj", "{AEC4BC07-630E-4F5C-AC85-9262D35726F0}"
EndProject
Project("{8BC9CEB8-8B4A-11D0-8D11-00A0C91BC942}") = "예제_11.3.4", "예제_11.3.4\예제_11.3.4.vcxproj", "{F712A57F-2705-4A61-A000-D2FCB93975D3}"
EndProject
Project("{8BC9CEB8-8B4A-11D0-8D11-00A0C91BC942}") = "예제_11.3.5", "예제_11.3.5\예제_11.3.5.vcxproj", "{216E1E6E-A658-4032-8191-71290C8EDD7B}"
EndProject
Global
	GlobalSection(SolutionConfigurationPlatforms) = preSolution
		Debug|x64 = Debug|x64
		Debug|x86 = Debug|x86
		Release|x64 = Release|x64
		Release|x86 = Release|x86
	EndGlobalSection
	GlobalSection(ProjectConfigurationPlatforms) = postSolution
		{8A638073-21B6-4E43-A1D5-380F55AB3820}.Debug|x64.ActiveCfg = Debug|x64
		{8A638073-21B6-4E43-A1D5-380F55AB3820}.Debug|x64.Build.0 = Debug|x64
		{8A638073-21B6-4E43-A1D5-380F55AB3820}.Debug|x86.ActiveCfg = Debug|Win32
		{8A638073-21B6-4E43-A1D5-380F55AB3820}.Debug|x86.Build.0 = Debug|Win32
		{8A638073-21B6-4E43-A1D5-380F55AB3820}.Release|x64.ActiveCfg = Release|x64
		{8A638073-21B6-4E43-A1D5-380F55AB3820}.Release|x64.Build.0 = Release|x64
		{8A638073-21B6-4E43-A1D5-380F55AB3820}.Release|x86.ActiveCfg = Release|Win32
		{8A638073-21B6-4E43-A1D5-380F55AB3820}.Release|x86.Build.0 = Release|Win32
		{D52DAE0C-F77C-479A-B3DA-F4C2DFF08F79}.Debug|x64.ActiveCfg = Debug|x64
		{D52DAE0C-F77C-479A-B3DA-F4C2DFF08F79}.Debug|x64.Build.0 = Debug|x64
		{D52DAE0C-F77C-479A-B3DA-F4C2DFF08F79}.Debug|x86.ActiveCfg = Debug|Win32
		{D52DAE0C-F77C-479A-B3DA-F4C2DFF08F79}.Debug|x86.Build.0 = Debug|Win32
		{D52DAE0C-F77C-479A-B3DA-F4C2DFF08F79}.Release|x64.ActiveCfg = Release|x64
		{D52DAE0C-F77C-479A-B3DA-F4C2DFF08F79}.Release|x64.Build.0 = Release|x64
		{D52DAE0C-F77C-479A-B3DA-F4C2DFF08F79}.Release|x86.ActiveCfg = Release|Win32
		{D52DAE0C-F77C-479A-B3DA-F4C2DFF08F79}.Release|x86.Build.0 = Release|Win32
		{AEC4BC07-630E-4F5C-AC85-9262D35726F0}.Debug|x64.ActiveCfg = Debug|x64
		{AEC4BC07-630E-4F5C-AC85-9262D35726F0}.Debug|x64.Build.0 = Debug|x64
		{AEC4BC07-630E-4F5C-AC85-9262D35726F0}.Debug|x86.ActiveCfg = Debug|Win32
		{AEC4BC07-630E-4F5C-AC85-9262D35726F0}.Debug|x86.Build.0 = Debug|Win32
		{AEC4BC07-630E-4F5C-AC85-9262D35726F0}.Release|x64.ActiveCfg = Release|x64
		{AEC4BC07-630E-4F5C-AC85-9262D35726F0}.Release|x64.Build.0 = Release|x64
		{AEC4BC07-630E-4F5C-AC85-9262D35726F0}.Release|x86.ActiveCfg = Release|Win32
		{AEC4BC07-630E-4F5C-AC85-9262D35726F0}.Release|x86.Build.0 = Release|Win32
		{F712A57F-2705-4A61-A000-D2FCB93975D3}.Debug|x64.ActiveCfg = Debug|x64
		{F712A57F-2705-4A61-A000-D2FCB93975D3}.Debug|x64.Build.0 = Debug|x64
		{F712A57F-2705-4A61-A000-D2FCB93975D3}.Debug|x86.ActiveCfg = Debug|Win32
		{F712A57F-2705-4A61-A000-D2FCB93975D3}.Debug|x86.Build.0 = Debug|Win32
		{F712A57F-2705-4A61-A000-D2FCB93975D3}.Release|x64.ActiveCfg = Release|x64
		{F712A57F-2705-4A61-A000-D2FCB93975D3}.Release|x64.Build.0 = Release|x64
		{F712A57F-2705-4A61-A000-D2FCB93975D3}.Release|x86.ActiveCfg = Release|Win32
		{F712A57F-2705-4A61-A000-D2FCB93975D3}.Release|x86.Build.0 = Release|Win32
		{216E1E6E-A658-4032-8191-71290C8EDD7B}.Debug|x64.ActiveCfg = Debug|x64
		{216E1E6E-A658-4032-8191-71290C8EDD7B}.Debug|x64.Build.0 = Debug|x64
		{216E1E6E-A658-4032-8191-71290C8EDD7B}.Debug|x86.ActiveCfg = Debug|Win32
		{216E1E6E-A658-4032-8191-71290C8EDD7B}.Debug|x86.Build.0 = Debug|Win32
		{216E1E6E-A658-4032-8191-71290C8EDD7B}.Release|x64.ActiveCfg = Release|x64
		{216E1E6E-A658-4032-8191-71290C8EDD7B}.Release|x64.Build.0 = Release|x64
		{216E1E6E-A658-4032-8191-71290C8EDD7B}.Release|x86.ActiveCfg = Release|Win32
		{216E1E6E-A658-4032-8191-71290C8EDD7B}.Release|x86.Build.0 = Release|Win32
	EndGlobalSection
	GlobalSection(SolutionProperties) = preSolution
		HideSolutionNode = FALSE
	EndGlobalSection
EndGlobal
