
Microsoft Visual Studio Solution File, Format Version 12.00
# Visual Studio 14
VisualStudioVersion = 14.0.24720.0
MinimumVisualStudioVersion = 10.0.40219.1
Project("{8BC9CEB8-8B4A-11D0-8D11-00A0C91BC942}") = "예제_3.5.1", "예제_3.5.1\예제_3.5.1.vcxproj", "{B15BBD05-C4AA-46F1-93BE-1DEFD50EA049}"
EndProject
Project("{8BC9CEB8-8B4A-11D0-8D11-00A0C91BC942}") = "예제_3.5.2", "예제_3.5.2\예제_3.5.2.vcxproj", "{06C80E56-E646-498F-889A-D99E1009F159}"
EndProject
Project("{8BC9CEB8-8B4A-11D0-8D11-00A0C91BC942}") = "예제_3.5.3", "예제_3.5.3\예제_3.5.3.vcxproj", "{40D8B028-5A6E-4BAA-8C60-4D7D13A58887}"
EndProject
Global
	GlobalSection(SolutionConfigurationPlatforms) = preSolution
		Debug|x64 = Debug|x64
		Debug|x86 = Debug|x86
		Release|x64 = Release|x64
		Release|x86 = Release|x86
	EndGlobalSection
	GlobalSection(ProjectConfigurationPlatforms) = postSolution
		{B15BBD05-C4AA-46F1-93BE-1DEFD50EA049}.Debug|x64.ActiveCfg = Debug|x64
		{B15BBD05-C4AA-46F1-93BE-1DEFD50EA049}.Debug|x64.Build.0 = Debug|x64
		{B15BBD05-C4AA-46F1-93BE-1DEFD50EA049}.Debug|x86.ActiveCfg = Debug|Win32
		{B15BBD05-C4AA-46F1-93BE-1DEFD50EA049}.Debug|x86.Build.0 = Debug|Win32
		{B15BBD05-C4AA-46F1-93BE-1DEFD50EA049}.Release|x64.ActiveCfg = Release|x64
		{B15BBD05-C4AA-46F1-93BE-1DEFD50EA049}.Release|x64.Build.0 = Release|x64
		{B15BBD05-C4AA-46F1-93BE-1DEFD50EA049}.Release|x86.ActiveCfg = Release|Win32
		{B15BBD05-C4AA-46F1-93BE-1DEFD50EA049}.Release|x86.Build.0 = Release|Win32
		{06C80E56-E646-498F-889A-D99E1009F159}.Debug|x64.ActiveCfg = Debug|x64
		{06C80E56-E646-498F-889A-D99E1009F159}.Debug|x64.Build.0 = Debug|x64
		{06C80E56-E646-498F-889A-D99E1009F159}.Debug|x86.ActiveCfg = Debug|Win32
		{06C80E56-E646-498F-889A-D99E1009F159}.Debug|x86.Build.0 = Debug|Win32
		{06C80E56-E646-498F-889A-D99E1009F159}.Release|x64.ActiveCfg = Release|x64
		{06C80E56-E646-498F-889A-D99E1009F159}.Release|x64.Build.0 = Release|x64
		{06C80E56-E646-498F-889A-D99E1009F159}.Release|x86.ActiveCfg = Release|Win32
		{06C80E56-E646-498F-889A-D99E1009F159}.Release|x86.Build.0 = Release|Win32
		{40D8B028-5A6E-4BAA-8C60-4D7D13A58887}.Debug|x64.ActiveCfg = Debug|x64
		{40D8B028-5A6E-4BAA-8C60-4D7D13A58887}.Debug|x64.Build.0 = Debug|x64
		{40D8B028-5A6E-4BAA-8C60-4D7D13A58887}.Debug|x86.ActiveCfg = Debug|Win32
		{40D8B028-5A6E-4BAA-8C60-4D7D13A58887}.Debug|x86.Build.0 = Debug|Win32
		{40D8B028-5A6E-4BAA-8C60-4D7D13A58887}.Release|x64.ActiveCfg = Release|x64
		{40D8B028-5A6E-4BAA-8C60-4D7D13A58887}.Release|x64.Build.0 = Release|x64
		{40D8B028-5A6E-4BAA-8C60-4D7D13A58887}.Release|x86.ActiveCfg = Release|Win32
		{40D8B028-5A6E-4BAA-8C60-4D7D13A58887}.Release|x86.Build.0 = Release|Win32
	EndGlobalSection
	GlobalSection(SolutionProperties) = preSolution
		HideSolutionNode = FALSE
	EndGlobalSection
EndGlobal
